
Microsoft Visual Studio Solution File, Format Version 12.00
# Visual Studio Version 17
VisualStudioVersion = 17.11.35222.181
MinimumVisualStudioVersion = 10.0.40219.1
Project("{9A19103F-16F7-4668-BE54-9A1E7A4F7556}") = "JendriHidalgo_Ap1_P1", "JendriHidalgo_Ap1_P1.csproj", "{9E251302-CE2D-40D7-8F06-C3072E62B98F}"
EndProject
Global
	GlobalSection(SolutionConfigurationPlatforms) = preSolution
		Debug|Any CPU = Debug|Any CPU
		Release|Any CPU = Release|Any CPU
	EndGlobalSection
	GlobalSection(ProjectConfigurationPlatforms) = postSolution
		{9E251302-CE2D-40D7-8F06-C3072E62B98F}.Debug|Any CPU.ActiveCfg = Debug|Any CPU
		{9E251302-CE2D-40D7-8F06-C3072E62B98F}.Debug|Any CPU.Build.0 = Debug|Any CPU
		{9E251302-CE2D-40D7-8F06-C3072E62B98F}.Release|Any CPU.ActiveCfg = Release|Any CPU
		{9E251302-CE2D-40D7-8F06-C3072E62B98F}.Release|Any CPU.Build.0 = Release|Any CPU
	EndGlobalSection
	GlobalSection(SolutionProperties) = preSolution
		HideSolutionNode = FALSE
	EndGlobalSection
	GlobalSection(ExtensibilityGlobals) = postSolution
		SolutionGuid = {C113D116-A197-44FC-BBA9-5FA6BD283AAD}
	EndGlobalSection
EndGlobal
